
Microsoft Visual Studio Solution File, Format Version 12.00
# Visual Studio Version 16
VisualStudioVersion = 16.0.29306.81
MinimumVisualStudioVersion = 10.0.40219.1
Project("{9092AA53-FB77-4645-B42D-1CCCA6BD08BD}") = "comp2068-lab2", "ExpressApp2\comp2068-lab2.njsproj", "{F77EF638-35DD-4633-89BA-66B506DFDF5D}"
EndProject
Global
	GlobalSection(SolutionConfigurationPlatforms) = preSolution
		Debug|Any CPU = Debug|Any CPU
		Release|Any CPU = Release|Any CPU
	EndGlobalSection
	GlobalSection(ProjectConfigurationPlatforms) = postSolution
		{F77EF638-35DD-4633-89BA-66B506DFDF5D}.Debug|Any CPU.ActiveCfg = Debug|Any CPU
		{F77EF638-35DD-4633-89BA-66B506DFDF5D}.Debug|Any CPU.Build.0 = Debug|Any CPU
		{F77EF638-35DD-4633-89BA-66B506DFDF5D}.Release|Any CPU.ActiveCfg = Release|Any CPU
		{F77EF638-35DD-4633-89BA-66B506DFDF5D}.Release|Any CPU.Build.0 = Release|Any CPU
	EndGlobalSection
	GlobalSection(SolutionProperties) = preSolution
		HideSolutionNode = FALSE
	EndGlobalSection
	GlobalSection(ExtensibilityGlobals) = postSolution
		SolutionGuid = {8A429B72-6C73-4CCC-A032-06F1365D9437}
	EndGlobalSection
EndGlobal
